
Microsoft Visual Studio Solution File, Format Version 12.00
# Visual Studio Version 17
VisualStudioVersion = 17.5.002.0
MinimumVisualStudioVersion = 10.0.40219.1
Project("{9A19103F-16F7-4668-BE54-9A1E7A4F7556}") = "UserTaskApi", "UserTaskApi.csproj", "{FE6EBC7D-94A0-497B-AC89-BC4D4056E96B}"
EndProject
Global
	GlobalSection(SolutionConfigurationPlatforms) = preSolution
		Debug|Any CPU = Debug|Any CPU
		Release|Any CPU = Release|Any CPU
	EndGlobalSection
	GlobalSection(ProjectConfigurationPlatforms) = postSolution
		{FE6EBC7D-94A0-497B-AC89-BC4D4056E96B}.Debug|Any CPU.ActiveCfg = Debug|Any CPU
		{FE6EBC7D-94A0-497B-AC89-BC4D4056E96B}.Debug|Any CPU.Build.0 = Debug|Any CPU
		{FE6EBC7D-94A0-497B-AC89-BC4D4056E96B}.Release|Any CPU.ActiveCfg = Release|Any CPU
		{FE6EBC7D-94A0-497B-AC89-BC4D4056E96B}.Release|Any CPU.Build.0 = Release|Any CPU
	EndGlobalSection
	GlobalSection(SolutionProperties) = preSolution
		HideSolutionNode = FALSE
	EndGlobalSection
	GlobalSection(ExtensibilityGlobals) = postSolution
		SolutionGuid = {7205CD60-C2AD-4F17-A794-22E61E9DBCD8}
	EndGlobalSection
EndGlobal
